
Microsoft Visual Studio Solution File, Format Version 12.00
# Visual Studio Version 17
VisualStudioVersion = 17.0.31903.59
MinimumVisualStudioVersion = 10.0.40219.1
Project("{9A19103F-16F7-4668-BE54-9A1E7A4F7556}") = "Faces.Api", "Faces.Api\Faces.Api.csproj", "{D00CD9A8-E708-4113-9C66-BF8F19F49C49}"
EndProject
Project("{9A19103F-16F7-4668-BE54-9A1E7A4F7556}") = "Faces.Api.Test", "Faces.Api.Test\Faces.Api.Test.csproj", "{B99480BB-A745-411C-AB4E-B55B436A19DE}"
EndProject
Project("{9A19103F-16F7-4668-BE54-9A1E7A4F7556}") = "Faces.WebMvc", "Faces.WebMvc\Faces.WebMvc.csproj", "{1CB5D92D-C265-4EC0-8C3E-0ECF66CBFCE7}"
EndProject
Project("{9A19103F-16F7-4668-BE54-9A1E7A4F7556}") = "Messaging.Interfaces.SharedLib", "Messaging.Interfaces.SharedLib\Messaging.Interfaces.SharedLib.csproj", "{11212C21-6764-4D99-873C-939188272E6B}"
EndProject
Project("{9A19103F-16F7-4668-BE54-9A1E7A4F7556}") = "Orders.Api", "Orders.Api\Orders.Api.csproj", "{B9F90C75-53D8-4EA6-BF72-230189447ADD}"
EndProject
Project("{2150E333-8FDC-42A3-9474-1A3956D46DE8}") = "CustomerNotification.Service", "CustomerNotification.Service", "{0FFE9535-8F1F-430B-8B91-5045E6194FCC}"
EndProject
Project("{9A19103F-16F7-4668-BE54-9A1E7A4F7556}") = "Email.Service", "CustomerNotification.Service\Email.Service\Email.Service.csproj", "{79689D5B-7137-4C26-9B6B-D172D4BBD13B}"
EndProject
Project("{9A19103F-16F7-4668-BE54-9A1E7A4F7556}") = "Notification.Service", "CustomerNotification.Service\Notification.Service\Notification.Service.csproj", "{2E6D49F7-03F4-4187-AA87-0BFF242A1FA5}"
EndProject
Project("{E53339B2-1760-4266-BCC7-CA923CBCF16C}") = "docker-compose", "docker-compose.dcproj", "{39315B28-8CAC-4834-B666-B7A0EB80F949}"
EndProject
Global
	GlobalSection(SolutionConfigurationPlatforms) = preSolution
		Debug|Any CPU = Debug|Any CPU
		Release|Any CPU = Release|Any CPU
	EndGlobalSection
	GlobalSection(ProjectConfigurationPlatforms) = postSolution
		{D00CD9A8-E708-4113-9C66-BF8F19F49C49}.Debug|Any CPU.ActiveCfg = Debug|Any CPU
		{D00CD9A8-E708-4113-9C66-BF8F19F49C49}.Debug|Any CPU.Build.0 = Debug|Any CPU
		{D00CD9A8-E708-4113-9C66-BF8F19F49C49}.Release|Any CPU.ActiveCfg = Release|Any CPU
		{D00CD9A8-E708-4113-9C66-BF8F19F49C49}.Release|Any CPU.Build.0 = Release|Any CPU
		{B99480BB-A745-411C-AB4E-B55B436A19DE}.Debug|Any CPU.ActiveCfg = Debug|Any CPU
		{B99480BB-A745-411C-AB4E-B55B436A19DE}.Debug|Any CPU.Build.0 = Debug|Any CPU
		{B99480BB-A745-411C-AB4E-B55B436A19DE}.Release|Any CPU.ActiveCfg = Release|Any CPU
		{B99480BB-A745-411C-AB4E-B55B436A19DE}.Release|Any CPU.Build.0 = Release|Any CPU
		{1CB5D92D-C265-4EC0-8C3E-0ECF66CBFCE7}.Debug|Any CPU.ActiveCfg = Debug|Any CPU
		{1CB5D92D-C265-4EC0-8C3E-0ECF66CBFCE7}.Debug|Any CPU.Build.0 = Debug|Any CPU
		{1CB5D92D-C265-4EC0-8C3E-0ECF66CBFCE7}.Release|Any CPU.ActiveCfg = Release|Any CPU
		{1CB5D92D-C265-4EC0-8C3E-0ECF66CBFCE7}.Release|Any CPU.Build.0 = Release|Any CPU
		{11212C21-6764-4D99-873C-939188272E6B}.Debug|Any CPU.ActiveCfg = Debug|Any CPU
		{11212C21-6764-4D99-873C-939188272E6B}.Debug|Any CPU.Build.0 = Debug|Any CPU
		{11212C21-6764-4D99-873C-939188272E6B}.Release|Any CPU.ActiveCfg = Release|Any CPU
		{11212C21-6764-4D99-873C-939188272E6B}.Release|Any CPU.Build.0 = Release|Any CPU
		{B9F90C75-53D8-4EA6-BF72-230189447ADD}.Debug|Any CPU.ActiveCfg = Debug|Any CPU
		{B9F90C75-53D8-4EA6-BF72-230189447ADD}.Debug|Any CPU.Build.0 = Debug|Any CPU
		{B9F90C75-53D8-4EA6-BF72-230189447ADD}.Release|Any CPU.ActiveCfg = Release|Any CPU
		{B9F90C75-53D8-4EA6-BF72-230189447ADD}.Release|Any CPU.Build.0 = Release|Any CPU
		{79689D5B-7137-4C26-9B6B-D172D4BBD13B}.Debug|Any CPU.ActiveCfg = Debug|Any CPU
		{79689D5B-7137-4C26-9B6B-D172D4BBD13B}.Debug|Any CPU.Build.0 = Debug|Any CPU
		{79689D5B-7137-4C26-9B6B-D172D4BBD13B}.Release|Any CPU.ActiveCfg = Release|Any CPU
		{79689D5B-7137-4C26-9B6B-D172D4BBD13B}.Release|Any CPU.Build.0 = Release|Any CPU
		{2E6D49F7-03F4-4187-AA87-0BFF242A1FA5}.Debug|Any CPU.ActiveCfg = Debug|Any CPU
		{2E6D49F7-03F4-4187-AA87-0BFF242A1FA5}.Debug|Any CPU.Build.0 = Debug|Any CPU
		{2E6D49F7-03F4-4187-AA87-0BFF242A1FA5}.Release|Any CPU.ActiveCfg = Release|Any CPU
		{2E6D49F7-03F4-4187-AA87-0BFF242A1FA5}.Release|Any CPU.Build.0 = Release|Any CPU
		{39315B28-8CAC-4834-B666-B7A0EB80F949}.Debug|Any CPU.ActiveCfg = Debug|Any CPU
		{39315B28-8CAC-4834-B666-B7A0EB80F949}.Debug|Any CPU.Build.0 = Debug|Any CPU
		{39315B28-8CAC-4834-B666-B7A0EB80F949}.Release|Any CPU.ActiveCfg = Release|Any CPU
		{39315B28-8CAC-4834-B666-B7A0EB80F949}.Release|Any CPU.Build.0 = Release|Any CPU
	EndGlobalSection
	GlobalSection(SolutionProperties) = preSolution
		HideSolutionNode = FALSE
	EndGlobalSection
	GlobalSection(NestedProjects) = preSolution
		{79689D5B-7137-4C26-9B6B-D172D4BBD13B} = {0FFE9535-8F1F-430B-8B91-5045E6194FCC}
		{2E6D49F7-03F4-4187-AA87-0BFF242A1FA5} = {0FFE9535-8F1F-430B-8B91-5045E6194FCC}
	EndGlobalSection
EndGlobal
