
Microsoft Visual Studio Solution File, Format Version 12.00
# Visual Studio Version 17
VisualStudioVersion = 17.0.32126.317
MinimumVisualStudioVersion = 10.0.40219.1
Project("{2150E333-8FDC-42A3-9474-1A3956D46DE8}") = "Services", "Services", "{00AAA789-9FB4-4043-9F3F-1670AF7D1C06}"
EndProject
Project("{2150E333-8FDC-42A3-9474-1A3956D46DE8}") = "Catalog", "Catalog", "{668230A4-D562-4DD9-94AB-4C7CF85A4F05}"
EndProject
Project("{9A19103F-16F7-4668-BE54-9A1E7A4F7556}") = "Catalog.API", "Services\Catalog\Catalog.API\Catalog.API.csproj", "{E85C2195-38FD-4A5C-BD45-215E6B76F611}"
EndProject
Project("{E53339B2-1760-4266-BCC7-CA923CBCF16C}") = "docker-compose", "docker-compose.dcproj", "{469A36F1-EE4A-4198-90AE-FD1A232F6F69}"
EndProject
Project("{2150E333-8FDC-42A3-9474-1A3956D46DE8}") = "Basket", "Basket", "{18B3E2E7-3EAF-4E96-895D-7C49512E922F}"
EndProject
Project("{9A19103F-16F7-4668-BE54-9A1E7A4F7556}") = "Basket.API", "Services\Basket\Basket.API\Basket.API.csproj", "{7B07DC76-492C-4553-8468-24BEF9A56DE0}"
EndProject
Project("{2150E333-8FDC-42A3-9474-1A3956D46DE8}") = "Discount", "Discount", "{067D23DD-AA12-4510-BE87-290C6E81DE11}"
EndProject
Project("{9A19103F-16F7-4668-BE54-9A1E7A4F7556}") = "Discount.API", "Services\Discount\Discount.API\Discount.API.csproj", "{1B9A2E07-D5CE-4C06-AC49-414F13317955}"
EndProject
Project("{9A19103F-16F7-4668-BE54-9A1E7A4F7556}") = "Discount.Grpc", "Services\Discount\Discount.Grpc\Discount.Grpc.csproj", "{D2E4FF99-7C25-478B-A5E0-586DA9C4CEAB}"
EndProject
Project("{2150E333-8FDC-42A3-9474-1A3956D46DE8}") = "Ordering", "Ordering", "{A7ACE456-AB70-4060-84BC-417AFD462336}"
EndProject
Project("{FAE04EC0-301F-11D3-BF4B-00C04F79EFBC}") = "Ordering.API", "Services\Ordering\Ordering.API\Ordering.API.csproj", "{4488911A-080A-4A5E-BCB7-E63B8C7845F4}"
EndProject
Global
	GlobalSection(SolutionConfigurationPlatforms) = preSolution
		Debug|Any CPU = Debug|Any CPU
		Release|Any CPU = Release|Any CPU
	EndGlobalSection
	GlobalSection(ProjectConfigurationPlatforms) = postSolution
		{E85C2195-38FD-4A5C-BD45-215E6B76F611}.Debug|Any CPU.ActiveCfg = Debug|Any CPU
		{E85C2195-38FD-4A5C-BD45-215E6B76F611}.Debug|Any CPU.Build.0 = Debug|Any CPU
		{E85C2195-38FD-4A5C-BD45-215E6B76F611}.Release|Any CPU.ActiveCfg = Release|Any CPU
		{E85C2195-38FD-4A5C-BD45-215E6B76F611}.Release|Any CPU.Build.0 = Release|Any CPU
		{469A36F1-EE4A-4198-90AE-FD1A232F6F69}.Debug|Any CPU.ActiveCfg = Debug|Any CPU
		{469A36F1-EE4A-4198-90AE-FD1A232F6F69}.Debug|Any CPU.Build.0 = Debug|Any CPU
		{469A36F1-EE4A-4198-90AE-FD1A232F6F69}.Release|Any CPU.ActiveCfg = Release|Any CPU
		{469A36F1-EE4A-4198-90AE-FD1A232F6F69}.Release|Any CPU.Build.0 = Release|Any CPU
		{7B07DC76-492C-4553-8468-24BEF9A56DE0}.Debug|Any CPU.ActiveCfg = Debug|Any CPU
		{7B07DC76-492C-4553-8468-24BEF9A56DE0}.Debug|Any CPU.Build.0 = Debug|Any CPU
		{7B07DC76-492C-4553-8468-24BEF9A56DE0}.Release|Any CPU.ActiveCfg = Release|Any CPU
		{7B07DC76-492C-4553-8468-24BEF9A56DE0}.Release|Any CPU.Build.0 = Release|Any CPU
		{1B9A2E07-D5CE-4C06-AC49-414F13317955}.Debug|Any CPU.ActiveCfg = Debug|Any CPU
		{1B9A2E07-D5CE-4C06-AC49-414F13317955}.Debug|Any CPU.Build.0 = Debug|Any CPU
		{1B9A2E07-D5CE-4C06-AC49-414F13317955}.Release|Any CPU.ActiveCfg = Release|Any CPU
		{1B9A2E07-D5CE-4C06-AC49-414F13317955}.Release|Any CPU.Build.0 = Release|Any CPU
		{D2E4FF99-7C25-478B-A5E0-586DA9C4CEAB}.Debug|Any CPU.ActiveCfg = Debug|Any CPU
		{D2E4FF99-7C25-478B-A5E0-586DA9C4CEAB}.Debug|Any CPU.Build.0 = Debug|Any CPU
		{D2E4FF99-7C25-478B-A5E0-586DA9C4CEAB}.Release|Any CPU.ActiveCfg = Release|Any CPU
		{D2E4FF99-7C25-478B-A5E0-586DA9C4CEAB}.Release|Any CPU.Build.0 = Release|Any CPU
		{4488911A-080A-4A5E-BCB7-E63B8C7845F4}.Debug|Any CPU.ActiveCfg = Debug|Any CPU
		{4488911A-080A-4A5E-BCB7-E63B8C7845F4}.Debug|Any CPU.Build.0 = Debug|Any CPU
		{4488911A-080A-4A5E-BCB7-E63B8C7845F4}.Release|Any CPU.ActiveCfg = Release|Any CPU
		{4488911A-080A-4A5E-BCB7-E63B8C7845F4}.Release|Any CPU.Build.0 = Release|Any CPU
	EndGlobalSection
	GlobalSection(SolutionProperties) = preSolution
		HideSolutionNode = FALSE
	EndGlobalSection
	GlobalSection(NestedProjects) = preSolution
		{668230A4-D562-4DD9-94AB-4C7CF85A4F05} = {00AAA789-9FB4-4043-9F3F-1670AF7D1C06}
		{E85C2195-38FD-4A5C-BD45-215E6B76F611} = {668230A4-D562-4DD9-94AB-4C7CF85A4F05}
		{18B3E2E7-3EAF-4E96-895D-7C49512E922F} = {00AAA789-9FB4-4043-9F3F-1670AF7D1C06}
		{7B07DC76-492C-4553-8468-24BEF9A56DE0} = {18B3E2E7-3EAF-4E96-895D-7C49512E922F}
		{067D23DD-AA12-4510-BE87-290C6E81DE11} = {00AAA789-9FB4-4043-9F3F-1670AF7D1C06}
		{1B9A2E07-D5CE-4C06-AC49-414F13317955} = {067D23DD-AA12-4510-BE87-290C6E81DE11}
		{D2E4FF99-7C25-478B-A5E0-586DA9C4CEAB} = {067D23DD-AA12-4510-BE87-290C6E81DE11}
		{A7ACE456-AB70-4060-84BC-417AFD462336} = {00AAA789-9FB4-4043-9F3F-1670AF7D1C06}
		{4488911A-080A-4A5E-BCB7-E63B8C7845F4} = {A7ACE456-AB70-4060-84BC-417AFD462336}
	EndGlobalSection
	GlobalSection(ExtensibilityGlobals) = postSolution
		SolutionGuid = {43D77DF5-EB14-4E06-8B7F-9B2EE9EDC868}
	EndGlobalSection
EndGlobal
